
Microsoft Visual Studio Solution File, Format Version 12.00
# Visual Studio 15
VisualStudioVersion = 15.0.27703.2000
MinimumVisualStudioVersion = 10.0.40219.1
Project("{FAE04EC0-301F-11D3-BF4B-00C04F79EFBC}") = "tradelr", "bajula\tradelr.csproj", "{77ADBE04-B893-4795-875A-BE40A909C52C}"
EndProject
Project("{FAE04EC0-301F-11D3-BF4B-00C04F79EFBC}") = "tradelr.Common", "tradelr.Common\tradelr.Common.csproj", "{DFF19474-0003-42DA-A09C-CEA7A39C1E2F}"
EndProject
Project("{FAE04EC0-301F-11D3-BF4B-00C04F79EFBC}") = "tradelr.Crypto", "tradelr.Crypto\tradelr.Crypto.csproj", "{9596BA41-36F8-4A59-ABAA-2A41F224B4C0}"
EndProject
Project("{FAE04EC0-301F-11D3-BF4B-00C04F79EFBC}") = "tradelr.DBML", "tradelr.DBML\tradelr.DBML.csproj", "{BB598AE3-9084-4F73-8955-B7129447E920}"
EndProject
Project("{FAE04EC0-301F-11D3-BF4B-00C04F79EFBC}") = "tradelr.Email", "tradelr.Email\tradelr.Email.csproj", "{F5470166-4609-4637-9E73-F04E15FEAA21}"
EndProject
Project("{FAE04EC0-301F-11D3-BF4B-00C04F79EFBC}") = "tradelr.Library", "tradelr.Library\tradelr.Library.csproj", "{B03BA251-706A-4691-9E0E-FBB746052E81}"
EndProject
Project("{FAE04EC0-301F-11D3-BF4B-00C04F79EFBC}") = "tradelr.Models", "tradelr.Models\tradelr.Models.csproj", "{05F9F10D-394E-44F8-A1B4-6E34DBCEFAF9}"
EndProject
Project("{FAE04EC0-301F-11D3-BF4B-00C04F79EFBC}") = "tradelr.Time", "tradelr.Time\tradelr.Time.csproj", "{A9729436-5786-4024-B522-8624522991B7}"
EndProject
Project("{FAE04EC0-301F-11D3-BF4B-00C04F79EFBC}") = "CustomBuildTasks", "CustomBuildTasks\CustomBuildTasks.csproj", "{4EB60BD5-7A74-4432-82AF-4F07C41EE482}"
EndProject
Project("{FAE04EC0-301F-11D3-BF4B-00C04F79EFBC}") = "tradelr.UnitTest", "tradelr.UnitTest\tradelr.UnitTest.csproj", "{6079C553-9FEF-484B-B1DD-30C78ACD13AF}"
EndProject
Project("{2150E333-8FDC-42A3-9474-1A3956D46DE8}") = ".nuget", ".nuget", "{2F4DBFAF-5E91-46D1-896A-BF3B2FF7B038}"
	ProjectSection(SolutionItems) = preProject
		.nuget\NuGet.Config = .nuget\NuGet.Config
		.nuget\NuGet.exe = .nuget\NuGet.exe
		.nuget\NuGet.targets = .nuget\NuGet.targets
	EndProjectSection
EndProject
Project("{FAE04EC0-301F-11D3-BF4B-00C04F79EFBC}") = "tradelr.Payment", "tradelr.Payment\tradelr.Payment.csproj", "{BD56C59F-0F1A-4EDC-B61F-AC3F22AFB2F0}"
EndProject
Global
	GlobalSection(SolutionConfigurationPlatforms) = preSolution
		ASP|Any CPU = ASP|Any CPU
		ASP|x86 = ASP|x86
		Debug_Azure|Any CPU = Debug_Azure|Any CPU
		Debug_Azure|x86 = Debug_Azure|x86
		Debug_local|Any CPU = Debug_local|Any CPU
		Debug_local|x86 = Debug_local|x86
		Debug|Any CPU = Debug|Any CPU
		Debug|x86 = Debug|x86
		DebugFB|Any CPU = DebugFB|Any CPU
		DebugFB|x86 = DebugFB|x86
		DebugForProfiler|Any CPU = DebugForProfiler|Any CPU
		DebugForProfiler|x86 = DebugForProfiler|x86
		DebugNoRackspace|Any CPU = DebugNoRackspace|Any CPU
		DebugNoRackspace|x86 = DebugNoRackspace|x86
		DebugOpenSocial|Any CPU = DebugOpenSocial|Any CPU
		DebugOpenSocial|x86 = DebugOpenSocial|x86
		Mono|Any CPU = Mono|Any CPU
		Mono|x86 = Mono|x86
		Release_Azure|Any CPU = Release_Azure|Any CPU
		Release_Azure|x86 = Release_Azure|x86
		Release_Test|Any CPU = Release_Test|Any CPU
		Release_Test|x86 = Release_Test|x86
		Release|Any CPU = Release|Any CPU
		Release|x86 = Release|x86
	EndGlobalSection
	GlobalSection(ProjectConfigurationPlatforms) = postSolution
		{77ADBE04-B893-4795-875A-BE40A909C52C}.ASP|Any CPU.ActiveCfg = DebugOpenSocial|Any CPU
		{77ADBE04-B893-4795-875A-BE40A909C52C}.ASP|Any CPU.Build.0 = DebugOpenSocial|Any CPU
		{77ADBE04-B893-4795-875A-BE40A909C52C}.ASP|x86.ActiveCfg = DebugOpenSocial|x86
		{77ADBE04-B893-4795-875A-BE40A909C52C}.ASP|x86.Build.0 = DebugOpenSocial|x86
		{77ADBE04-B893-4795-875A-BE40A909C52C}.Debug_Azure|Any CPU.ActiveCfg = Debug_Azure|Any CPU
		{77ADBE04-B893-4795-875A-BE40A909C52C}.Debug_Azure|Any CPU.Build.0 = Debug_Azure|Any CPU
		{77ADBE04-B893-4795-875A-BE40A909C52C}.Debug_Azure|x86.ActiveCfg = Debug_Azure|x86
		{77ADBE04-B893-4795-875A-BE40A909C52C}.Debug_Azure|x86.Build.0 = Debug_Azure|x86
		{77ADBE04-B893-4795-875A-BE40A909C52C}.Debug_local|Any CPU.ActiveCfg = Debug_Azure|Any CPU
		{77ADBE04-B893-4795-875A-BE40A909C52C}.Debug_local|Any CPU.Build.0 = Debug_Azure|Any CPU
		{77ADBE04-B893-4795-875A-BE40A909C52C}.Debug_local|x86.ActiveCfg = Debug_Azure|x86
		{77ADBE04-B893-4795-875A-BE40A909C52C}.Debug_local|x86.Build.0 = Debug_Azure|x86
		{77ADBE04-B893-4795-875A-BE40A909C52C}.Debug|Any CPU.ActiveCfg = Debug|Any CPU
		{77ADBE04-B893-4795-875A-BE40A909C52C}.Debug|Any CPU.Build.0 = Debug|Any CPU
		{77ADBE04-B893-4795-875A-BE40A909C52C}.Debug|x86.ActiveCfg = Debug|x86
		{77ADBE04-B893-4795-875A-BE40A909C52C}.Debug|x86.Build.0 = Debug|x86
		{77ADBE04-B893-4795-875A-BE40A909C52C}.DebugFB|Any CPU.ActiveCfg = DebugOpenSocial|Any CPU
		{77ADBE04-B893-4795-875A-BE40A909C52C}.DebugFB|Any CPU.Build.0 = DebugOpenSocial|Any CPU
		{77ADBE04-B893-4795-875A-BE40A909C52C}.DebugFB|x86.ActiveCfg = DebugOpenSocial|x86
		{77ADBE04-B893-4795-875A-BE40A909C52C}.DebugFB|x86.Build.0 = DebugOpenSocial|x86
		{77ADBE04-B893-4795-875A-BE40A909C52C}.DebugForProfiler|Any CPU.ActiveCfg = DebugNoRackspace|Any CPU
		{77ADBE04-B893-4795-875A-BE40A909C52C}.DebugForProfiler|Any CPU.Build.0 = DebugNoRackspace|Any CPU
		{77ADBE04-B893-4795-875A-BE40A909C52C}.DebugForProfiler|x86.ActiveCfg = DebugNoRackspace|x86
		{77ADBE04-B893-4795-875A-BE40A909C52C}.DebugForProfiler|x86.Build.0 = DebugNoRackspace|x86
		{77ADBE04-B893-4795-875A-BE40A909C52C}.DebugNoRackspace|Any CPU.ActiveCfg = DebugNoRackspace|Any CPU
		{77ADBE04-B893-4795-875A-BE40A909C52C}.DebugNoRackspace|Any CPU.Build.0 = DebugNoRackspace|Any CPU
		{77ADBE04-B893-4795-875A-BE40A909C52C}.DebugNoRackspace|x86.ActiveCfg = DebugNoRackspace|x86
		{77ADBE04-B893-4795-875A-BE40A909C52C}.DebugNoRackspace|x86.Build.0 = DebugNoRackspace|x86
		{77ADBE04-B893-4795-875A-BE40A909C52C}.DebugOpenSocial|Any CPU.ActiveCfg = DebugOpenSocial|Any CPU
		{77ADBE04-B893-4795-875A-BE40A909C52C}.DebugOpenSocial|Any CPU.Build.0 = DebugOpenSocial|Any CPU
		{77ADBE04-B893-4795-875A-BE40A909C52C}.DebugOpenSocial|x86.ActiveCfg = DebugOpenSocial|x86
		{77ADBE04-B893-4795-875A-BE40A909C52C}.DebugOpenSocial|x86.Build.0 = DebugOpenSocial|x86
		{77ADBE04-B893-4795-875A-BE40A909C52C}.Mono|Any CPU.ActiveCfg = DebugOpenSocial|Any CPU
		{77ADBE04-B893-4795-875A-BE40A909C52C}.Mono|Any CPU.Build.0 = DebugOpenSocial|Any CPU
		{77ADBE04-B893-4795-875A-BE40A909C52C}.Mono|x86.ActiveCfg = DebugOpenSocial|x86
		{77ADBE04-B893-4795-875A-BE40A909C52C}.Mono|x86.Build.0 = DebugOpenSocial|x86
		{77ADBE04-B893-4795-875A-BE40A909C52C}.Release_Azure|Any CPU.ActiveCfg = Release_Azure|Any CPU
		{77ADBE04-B893-4795-875A-BE40A909C52C}.Release_Azure|Any CPU.Build.0 = Release_Azure|Any CPU
		{77ADBE04-B893-4795-875A-BE40A909C52C}.Release_Azure|x86.ActiveCfg = Release_Azure|x86
		{77ADBE04-B893-4795-875A-BE40A909C52C}.Release_Azure|x86.Build.0 = Release_Azure|x86
		{77ADBE04-B893-4795-875A-BE40A909C52C}.Release_Test|Any CPU.ActiveCfg = Release_Azure|Any CPU
		{77ADBE04-B893-4795-875A-BE40A909C52C}.Release_Test|Any CPU.Build.0 = Release_Azure|Any CPU
		{77ADBE04-B893-4795-875A-BE40A909C52C}.Release_Test|x86.ActiveCfg = Release_Azure|x86
		{77ADBE04-B893-4795-875A-BE40A909C52C}.Release_Test|x86.Build.0 = Release_Azure|x86
		{77ADBE04-B893-4795-875A-BE40A909C52C}.Release|Any CPU.ActiveCfg = Release|Any CPU
		{77ADBE04-B893-4795-875A-BE40A909C52C}.Release|Any CPU.Build.0 = Release|Any CPU
		{77ADBE04-B893-4795-875A-BE40A909C52C}.Release|x86.ActiveCfg = Release|x86
		{77ADBE04-B893-4795-875A-BE40A909C52C}.Release|x86.Build.0 = Release|x86
		{DFF19474-0003-42DA-A09C-CEA7A39C1E2F}.ASP|Any CPU.ActiveCfg = DebugOpenSocial|Any CPU
		{DFF19474-0003-42DA-A09C-CEA7A39C1E2F}.ASP|Any CPU.Build.0 = DebugOpenSocial|Any CPU
		{DFF19474-0003-42DA-A09C-CEA7A39C1E2F}.ASP|x86.ActiveCfg = DebugOpenSocial|x86
		{DFF19474-0003-42DA-A09C-CEA7A39C1E2F}.ASP|x86.Build.0 = DebugOpenSocial|x86
		{DFF19474-0003-42DA-A09C-CEA7A39C1E2F}.Debug_Azure|Any CPU.ActiveCfg = Debug_Azure|Any CPU
		{DFF19474-0003-42DA-A09C-CEA7A39C1E2F}.Debug_Azure|Any CPU.Build.0 = Debug_Azure|Any CPU
		{DFF19474-0003-42DA-A09C-CEA7A39C1E2F}.Debug_Azure|x86.ActiveCfg = Debug_Azure|x86
		{DFF19474-0003-42DA-A09C-CEA7A39C1E2F}.Debug_Azure|x86.Build.0 = Debug_Azure|x86
		{DFF19474-0003-42DA-A09C-CEA7A39C1E2F}.Debug_local|Any CPU.ActiveCfg = Debug_Azure|Any CPU
		{DFF19474-0003-42DA-A09C-CEA7A39C1E2F}.Debug_local|Any CPU.Build.0 = Debug_Azure|Any CPU
		{DFF19474-0003-42DA-A09C-CEA7A39C1E2F}.Debug_local|x86.ActiveCfg = Debug_Azure|x86
		{DFF19474-0003-42DA-A09C-CEA7A39C1E2F}.Debug_local|x86.Build.0 = Debug_Azure|x86
		{DFF19474-0003-42DA-A09C-CEA7A39C1E2F}.Debug|Any CPU.ActiveCfg = Debug|Any CPU
		{DFF19474-0003-42DA-A09C-CEA7A39C1E2F}.Debug|Any CPU.Build.0 = Debug|Any CPU
		{DFF19474-0003-42DA-A09C-CEA7A39C1E2F}.Debug|x86.ActiveCfg = Debug|x86
		{DFF19474-0003-42DA-A09C-CEA7A39C1E2F}.Debug|x86.Build.0 = Debug|x86
		{DFF19474-0003-42DA-A09C-CEA7A39C1E2F}.DebugFB|Any CPU.ActiveCfg = DebugFB|Any CPU
		{DFF19474-0003-42DA-A09C-CEA7A39C1E2F}.DebugFB|Any CPU.Build.0 = DebugFB|Any CPU
		{DFF19474-0003-42DA-A09C-CEA7A39C1E2F}.DebugFB|x86.ActiveCfg = DebugFB|x86
		{DFF19474-0003-42DA-A09C-CEA7A39C1E2F}.DebugFB|x86.Build.0 = DebugFB|x86
		{DFF19474-0003-42DA-A09C-CEA7A39C1E2F}.DebugForProfiler|Any CPU.ActiveCfg = DebugFB|Any CPU
		{DFF19474-0003-42DA-A09C-CEA7A39C1E2F}.DebugForProfiler|Any CPU.Build.0 = DebugFB|Any CPU
		{DFF19474-0003-42DA-A09C-CEA7A39C1E2F}.DebugForProfiler|x86.ActiveCfg = DebugFB|x86
		{DFF19474-0003-42DA-A09C-CEA7A39C1E2F}.DebugForProfiler|x86.Build.0 = DebugFB|x86
		{DFF19474-0003-42DA-A09C-CEA7A39C1E2F}.DebugNoRackspace|Any CPU.ActiveCfg = DebugNoRackspace|Any CPU
		{DFF19474-0003-42DA-A09C-CEA7A39C1E2F}.DebugNoRackspace|Any CPU.Build.0 = DebugNoRackspace|Any CPU
		{DFF19474-0003-42DA-A09C-CEA7A39C1E2F}.DebugNoRackspace|x86.ActiveCfg = DebugNoRackspace|x86
		{DFF19474-0003-42DA-A09C-CEA7A39C1E2F}.DebugNoRackspace|x86.Build.0 = DebugNoRackspace|x86
		{DFF19474-0003-42DA-A09C-CEA7A39C1E2F}.DebugOpenSocial|Any CPU.ActiveCfg = DebugOpenSocial|Any CPU
		{DFF19474-0003-42DA-A09C-CEA7A39C1E2F}.DebugOpenSocial|Any CPU.Build.0 = DebugOpenSocial|Any CPU
		{DFF19474-0003-42DA-A09C-CEA7A39C1E2F}.DebugOpenSocial|x86.ActiveCfg = DebugOpenSocial|x86
		{DFF19474-0003-42DA-A09C-CEA7A39C1E2F}.DebugOpenSocial|x86.Build.0 = DebugOpenSocial|x86
		{DFF19474-0003-42DA-A09C-CEA7A39C1E2F}.Mono|Any CPU.ActiveCfg = DebugOpenSocial|Any CPU
		{DFF19474-0003-42DA-A09C-CEA7A39C1E2F}.Mono|Any CPU.Build.0 = DebugOpenSocial|Any CPU
		{DFF19474-0003-42DA-A09C-CEA7A39C1E2F}.Mono|x86.ActiveCfg = DebugOpenSocial|x86
		{DFF19474-0003-42DA-A09C-CEA7A39C1E2F}.Mono|x86.Build.0 = DebugOpenSocial|x86
		{DFF19474-0003-42DA-A09C-CEA7A39C1E2F}.Release_Azure|Any CPU.ActiveCfg = Release_Azure|Any CPU
		{DFF19474-0003-42DA-A09C-CEA7A39C1E2F}.Release_Azure|Any CPU.Build.0 = Release_Azure|Any CPU
		{DFF19474-0003-42DA-A09C-CEA7A39C1E2F}.Release_Azure|x86.ActiveCfg = Release_Azure|x86
		{DFF19474-0003-42DA-A09C-CEA7A39C1E2F}.Release_Azure|x86.Build.0 = Release_Azure|x86
		{DFF19474-0003-42DA-A09C-CEA7A39C1E2F}.Release_Test|Any CPU.ActiveCfg = Release_Azure|Any CPU
		{DFF19474-0003-42DA-A09C-CEA7A39C1E2F}.Release_Test|Any CPU.Build.0 = Release_Azure|Any CPU
		{DFF19474-0003-42DA-A09C-CEA7A39C1E2F}.Release_Test|x86.ActiveCfg = Release_Azure|x86
		{DFF19474-0003-42DA-A09C-CEA7A39C1E2F}.Release_Test|x86.Build.0 = Release_Azure|x86
		{DFF19474-0003-42DA-A09C-CEA7A39C1E2F}.Release|Any CPU.ActiveCfg = Release|Any CPU
		{DFF19474-0003-42DA-A09C-CEA7A39C1E2F}.Release|Any CPU.Build.0 = Release|Any CPU
		{DFF19474-0003-42DA-A09C-CEA7A39C1E2F}.Release|x86.ActiveCfg = Release|x86
		{DFF19474-0003-42DA-A09C-CEA7A39C1E2F}.Release|x86.Build.0 = Release|x86
		{9596BA41-36F8-4A59-ABAA-2A41F224B4C0}.ASP|Any CPU.ActiveCfg = Release_Test|Any CPU
		{9596BA41-36F8-4A59-ABAA-2A41F224B4C0}.ASP|Any CPU.Build.0 = Release_Test|Any CPU
		{9596BA41-36F8-4A59-ABAA-2A41F224B4C0}.ASP|x86.ActiveCfg = Release_Test|x86
		{9596BA41-36F8-4A59-ABAA-2A41F224B4C0}.ASP|x86.Build.0 = Release_Test|x86
		{9596BA41-36F8-4A59-ABAA-2A41F224B4C0}.Debug_Azure|Any CPU.ActiveCfg = Debug|Any CPU
		{9596BA41-36F8-4A59-ABAA-2A41F224B4C0}.Debug_Azure|Any CPU.Build.0 = Debug|Any CPU
		{9596BA41-36F8-4A59-ABAA-2A41F224B4C0}.Debug_Azure|x86.ActiveCfg = Debug|x86
		{9596BA41-36F8-4A59-ABAA-2A41F224B4C0}.Debug_Azure|x86.Build.0 = Debug|x86
		{9596BA41-36F8-4A59-ABAA-2A41F224B4C0}.Debug_local|Any CPU.ActiveCfg = Debug_local|Any CPU
		{9596BA41-36F8-4A59-ABAA-2A41F224B4C0}.Debug_local|Any CPU.Build.0 = Debug_local|Any CPU
		{9596BA41-36F8-4A59-ABAA-2A41F224B4C0}.Debug_local|x86.ActiveCfg = Debug_local|x86
		{9596BA41-36F8-4A59-ABAA-2A41F224B4C0}.Debug_local|x86.Build.0 = Debug_local|x86
		{9596BA41-36F8-4A59-ABAA-2A41F224B4C0}.Debug|Any CPU.ActiveCfg = Debug|Any CPU
		{9596BA41-36F8-4A59-ABAA-2A41F224B4C0}.Debug|Any CPU.Build.0 = Debug|Any CPU
		{9596BA41-36F8-4A59-ABAA-2A41F224B4C0}.Debug|x86.ActiveCfg = Debug|x86
		{9596BA41-36F8-4A59-ABAA-2A41F224B4C0}.Debug|x86.Build.0 = Debug|x86
		{9596BA41-36F8-4A59-ABAA-2A41F224B4C0}.DebugFB|Any CPU.ActiveCfg = Debug|Any CPU
		{9596BA41-36F8-4A59-ABAA-2A41F224B4C0}.DebugFB|Any CPU.Build.0 = Debug|Any CPU
		{9596BA41-36F8-4A59-ABAA-2A41F224B4C0}.DebugFB|x86.ActiveCfg = Debug|x86
		{9596BA41-36F8-4A59-ABAA-2A41F224B4C0}.DebugFB|x86.Build.0 = Debug|x86
		{9596BA41-36F8-4A59-ABAA-2A41F224B4C0}.DebugForProfiler|Any CPU.ActiveCfg = DebugForProfiler|Any CPU
		{9596BA41-36F8-4A59-ABAA-2A41F224B4C0}.DebugForProfiler|Any CPU.Build.0 = DebugForProfiler|Any CPU
		{9596BA41-36F8-4A59-ABAA-2A41F224B4C0}.DebugForProfiler|x86.ActiveCfg = DebugForProfiler|x86
		{9596BA41-36F8-4A59-ABAA-2A41F224B4C0}.DebugForProfiler|x86.Build.0 = DebugForProfiler|x86
		{9596BA41-36F8-4A59-ABAA-2A41F224B4C0}.DebugNoRackspace|Any CPU.ActiveCfg = Debug|Any CPU
		{9596BA41-36F8-4A59-ABAA-2A41F224B4C0}.DebugNoRackspace|Any CPU.Build.0 = Debug|Any CPU
		{9596BA41-36F8-4A59-ABAA-2A41F224B4C0}.DebugNoRackspace|x86.ActiveCfg = Debug|x86
		{9596BA41-36F8-4A59-ABAA-2A41F224B4C0}.DebugNoRackspace|x86.Build.0 = Debug|x86
		{9596BA41-36F8-4A59-ABAA-2A41F224B4C0}.DebugOpenSocial|Any CPU.ActiveCfg = Debug|Any CPU
		{9596BA41-36F8-4A59-ABAA-2A41F224B4C0}.DebugOpenSocial|Any CPU.Build.0 = Debug|Any CPU
		{9596BA41-36F8-4A59-ABAA-2A41F224B4C0}.DebugOpenSocial|x86.ActiveCfg = Debug|x86
		{9596BA41-36F8-4A59-ABAA-2A41F224B4C0}.DebugOpenSocial|x86.Build.0 = Debug|x86
		{9596BA41-36F8-4A59-ABAA-2A41F224B4C0}.Mono|Any CPU.ActiveCfg = Release_Test|Any CPU
		{9596BA41-36F8-4A59-ABAA-2A41F224B4C0}.Mono|Any CPU.Build.0 = Release_Test|Any CPU
		{9596BA41-36F8-4A59-ABAA-2A41F224B4C0}.Mono|x86.ActiveCfg = Release_Test|x86
		{9596BA41-36F8-4A59-ABAA-2A41F224B4C0}.Mono|x86.Build.0 = Release_Test|x86
		{9596BA41-36F8-4A59-ABAA-2A41F224B4C0}.Release_Azure|Any CPU.ActiveCfg = Release_Test|Any CPU
		{9596BA41-36F8-4A59-ABAA-2A41F224B4C0}.Release_Azure|Any CPU.Build.0 = Release_Test|Any CPU
		{9596BA41-36F8-4A59-ABAA-2A41F224B4C0}.Release_Azure|x86.ActiveCfg = Release_Test|x86
		{9596BA41-36F8-4A59-ABAA-2A41F224B4C0}.Release_Azure|x86.Build.0 = Release_Test|x86
		{9596BA41-36F8-4A59-ABAA-2A41F224B4C0}.Release_Test|Any CPU.ActiveCfg = Release_Test|Any CPU
		{9596BA41-36F8-4A59-ABAA-2A41F224B4C0}.Release_Test|Any CPU.Build.0 = Release_Test|Any CPU
		{9596BA41-36F8-4A59-ABAA-2A41F224B4C0}.Release_Test|x86.ActiveCfg = Release_Test|x86
		{9596BA41-36F8-4A59-ABAA-2A41F224B4C0}.Release_Test|x86.Build.0 = Release_Test|x86
		{9596BA41-36F8-4A59-ABAA-2A41F224B4C0}.Release|Any CPU.ActiveCfg = Release|Any CPU
		{9596BA41-36F8-4A59-ABAA-2A41F224B4C0}.Release|Any CPU.Build.0 = Release|Any CPU
		{9596BA41-36F8-4A59-ABAA-2A41F224B4C0}.Release|x86.ActiveCfg = Release|x86
		{9596BA41-36F8-4A59-ABAA-2A41F224B4C0}.Release|x86.Build.0 = Release|x86
		{BB598AE3-9084-4F73-8955-B7129447E920}.ASP|Any CPU.ActiveCfg = DebugOpenSocial|Any CPU
		{BB598AE3-9084-4F73-8955-B7129447E920}.ASP|Any CPU.Build.0 = DebugOpenSocial|Any CPU
		{BB598AE3-9084-4F73-8955-B7129447E920}.ASP|x86.ActiveCfg = DebugOpenSocial|x86
		{BB598AE3-9084-4F73-8955-B7129447E920}.ASP|x86.Build.0 = DebugOpenSocial|x86
		{BB598AE3-9084-4F73-8955-B7129447E920}.Debug_Azure|Any CPU.ActiveCfg = DebugOpenSocial|Any CPU
		{BB598AE3-9084-4F73-8955-B7129447E920}.Debug_Azure|Any CPU.Build.0 = DebugOpenSocial|Any CPU
		{BB598AE3-9084-4F73-8955-B7129447E920}.Debug_Azure|x86.ActiveCfg = DebugOpenSocial|x86
		{BB598AE3-9084-4F73-8955-B7129447E920}.Debug_Azure|x86.Build.0 = DebugOpenSocial|x86
		{BB598AE3-9084-4F73-8955-B7129447E920}.Debug_local|Any CPU.ActiveCfg = DebugFB|Any CPU
		{BB598AE3-9084-4F73-8955-B7129447E920}.Debug_local|Any CPU.Build.0 = DebugFB|Any CPU
		{BB598AE3-9084-4F73-8955-B7129447E920}.Debug_local|x86.ActiveCfg = DebugFB|x86
		{BB598AE3-9084-4F73-8955-B7129447E920}.Debug_local|x86.Build.0 = DebugFB|x86
		{BB598AE3-9084-4F73-8955-B7129447E920}.Debug|Any CPU.ActiveCfg = Debug|Any CPU
		{BB598AE3-9084-4F73-8955-B7129447E920}.Debug|Any CPU.Build.0 = Debug|Any CPU
		{BB598AE3-9084-4F73-8955-B7129447E920}.Debug|x86.ActiveCfg = Debug|x86
		{BB598AE3-9084-4F73-8955-B7129447E920}.Debug|x86.Build.0 = Debug|x86
		{BB598AE3-9084-4F73-8955-B7129447E920}.DebugFB|Any CPU.ActiveCfg = DebugFB|Any CPU
		{BB598AE3-9084-4F73-8955-B7129447E920}.DebugFB|Any CPU.Build.0 = DebugFB|Any CPU
		{BB598AE3-9084-4F73-8955-B7129447E920}.DebugFB|x86.ActiveCfg = DebugFB|x86
		{BB598AE3-9084-4F73-8955-B7129447E920}.DebugFB|x86.Build.0 = DebugFB|x86
		{BB598AE3-9084-4F73-8955-B7129447E920}.DebugForProfiler|Any CPU.ActiveCfg = DebugFB|Any CPU
		{BB598AE3-9084-4F73-8955-B7129447E920}.DebugForProfiler|Any CPU.Build.0 = DebugFB|Any CPU
		{BB598AE3-9084-4F73-8955-B7129447E920}.DebugForProfiler|x86.ActiveCfg = DebugFB|x86
		{BB598AE3-9084-4F73-8955-B7129447E920}.DebugForProfiler|x86.Build.0 = DebugFB|x86
		{BB598AE3-9084-4F73-8955-B7129447E920}.DebugNoRackspace|Any CPU.ActiveCfg = Debug|Any CPU
		{BB598AE3-9084-4F73-8955-B7129447E920}.DebugNoRackspace|Any CPU.Build.0 = Debug|Any CPU
		{BB598AE3-9084-4F73-8955-B7129447E920}.DebugNoRackspace|x86.ActiveCfg = DebugOpenSocial|x86
		{BB598AE3-9084-4F73-8955-B7129447E920}.DebugNoRackspace|x86.Build.0 = DebugOpenSocial|x86
		{BB598AE3-9084-4F73-8955-B7129447E920}.DebugOpenSocial|Any CPU.ActiveCfg = DebugOpenSocial|Any CPU
		{BB598AE3-9084-4F73-8955-B7129447E920}.DebugOpenSocial|Any CPU.Build.0 = DebugOpenSocial|Any CPU
		{BB598AE3-9084-4F73-8955-B7129447E920}.DebugOpenSocial|x86.ActiveCfg = DebugOpenSocial|x86
		{BB598AE3-9084-4F73-8955-B7129447E920}.DebugOpenSocial|x86.Build.0 = DebugOpenSocial|x86
		{BB598AE3-9084-4F73-8955-B7129447E920}.Mono|Any CPU.ActiveCfg = DebugOpenSocial|Any CPU
		{BB598AE3-9084-4F73-8955-B7129447E920}.Mono|Any CPU.Build.0 = DebugOpenSocial|Any CPU
		{BB598AE3-9084-4F73-8955-B7129447E920}.Mono|x86.ActiveCfg = DebugOpenSocial|x86
		{BB598AE3-9084-4F73-8955-B7129447E920}.Mono|x86.Build.0 = DebugOpenSocial|x86
		{BB598AE3-9084-4F73-8955-B7129447E920}.Release_Azure|Any CPU.ActiveCfg = Release|Any CPU
		{BB598AE3-9084-4F73-8955-B7129447E920}.Release_Azure|Any CPU.Build.0 = Release|Any CPU
		{BB598AE3-9084-4F73-8955-B7129447E920}.Release_Azure|x86.ActiveCfg = Release|x86
		{BB598AE3-9084-4F73-8955-B7129447E920}.Release_Azure|x86.Build.0 = Release|x86
		{BB598AE3-9084-4F73-8955-B7129447E920}.Release_Test|Any CPU.ActiveCfg = Release|Any CPU
		{BB598AE3-9084-4F73-8955-B7129447E920}.Release_Test|Any CPU.Build.0 = Release|Any CPU
		{BB598AE3-9084-4F73-8955-B7129447E920}.Release_Test|x86.ActiveCfg = Release|x86
		{BB598AE3-9084-4F73-8955-B7129447E920}.Release_Test|x86.Build.0 = Release|x86
		{BB598AE3-9084-4F73-8955-B7129447E920}.Release|Any CPU.ActiveCfg = Release|Any CPU
		{BB598AE3-9084-4F73-8955-B7129447E920}.Release|Any CPU.Build.0 = Release|Any CPU
		{BB598AE3-9084-4F73-8955-B7129447E920}.Release|x86.ActiveCfg = Release|x86
		{BB598AE3-9084-4F73-8955-B7129447E920}.Release|x86.Build.0 = Release|x86
		{F5470166-4609-4637-9E73-F04E15FEAA21}.ASP|Any CPU.ActiveCfg = Release|Any CPU
		{F5470166-4609-4637-9E73-F04E15FEAA21}.ASP|Any CPU.Build.0 = Release|Any CPU
		{F5470166-4609-4637-9E73-F04E15FEAA21}.ASP|x86.ActiveCfg = Release|x86
		{F5470166-4609-4637-9E73-F04E15FEAA21}.ASP|x86.Build.0 = Release|x86
		{F5470166-4609-4637-9E73-F04E15FEAA21}.Debug_Azure|Any CPU.ActiveCfg = Debug|Any CPU
		{F5470166-4609-4637-9E73-F04E15FEAA21}.Debug_Azure|Any CPU.Build.0 = Debug|Any CPU
		{F5470166-4609-4637-9E73-F04E15FEAA21}.Debug_Azure|x86.ActiveCfg = Debug|x86
		{F5470166-4609-4637-9E73-F04E15FEAA21}.Debug_Azure|x86.Build.0 = Debug|x86
		{F5470166-4609-4637-9E73-F04E15FEAA21}.Debug_local|Any CPU.ActiveCfg = Debug|Any CPU
		{F5470166-4609-4637-9E73-F04E15FEAA21}.Debug_local|Any CPU.Build.0 = Debug|Any CPU
		{F5470166-4609-4637-9E73-F04E15FEAA21}.Debug_local|x86.ActiveCfg = Debug|x86
		{F5470166-4609-4637-9E73-F04E15FEAA21}.Debug_local|x86.Build.0 = Debug|x86
		{F5470166-4609-4637-9E73-F04E15FEAA21}.Debug|Any CPU.ActiveCfg = Debug|Any CPU
		{F5470166-4609-4637-9E73-F04E15FEAA21}.Debug|Any CPU.Build.0 = Debug|Any CPU
		{F5470166-4609-4637-9E73-F04E15FEAA21}.Debug|x86.ActiveCfg = Debug|x86
		{F5470166-4609-4637-9E73-F04E15FEAA21}.Debug|x86.Build.0 = Debug|x86
		{F5470166-4609-4637-9E73-F04E15FEAA21}.DebugFB|Any CPU.ActiveCfg = Debug|Any CPU
		{F5470166-4609-4637-9E73-F04E15FEAA21}.DebugFB|Any CPU.Build.0 = Debug|Any CPU
		{F5470166-4609-4637-9E73-F04E15FEAA21}.DebugFB|x86.ActiveCfg = Debug|x86
		{F5470166-4609-4637-9E73-F04E15FEAA21}.DebugFB|x86.Build.0 = Debug|x86
		{F5470166-4609-4637-9E73-F04E15FEAA21}.DebugForProfiler|Any CPU.ActiveCfg = Debug|Any CPU
		{F5470166-4609-4637-9E73-F04E15FEAA21}.DebugForProfiler|Any CPU.Build.0 = Debug|Any CPU
		{F5470166-4609-4637-9E73-F04E15FEAA21}.DebugForProfiler|x86.ActiveCfg = Debug|x86
		{F5470166-4609-4637-9E73-F04E15FEAA21}.DebugForProfiler|x86.Build.0 = Debug|x86
		{F5470166-4609-4637-9E73-F04E15FEAA21}.DebugNoRackspace|Any CPU.ActiveCfg = Debug|Any CPU
		{F5470166-4609-4637-9E73-F04E15FEAA21}.DebugNoRackspace|Any CPU.Build.0 = Debug|Any CPU
		{F5470166-4609-4637-9E73-F04E15FEAA21}.DebugNoRackspace|x86.ActiveCfg = Debug|x86
		{F5470166-4609-4637-9E73-F04E15FEAA21}.DebugNoRackspace|x86.Build.0 = Debug|x86
		{F5470166-4609-4637-9E73-F04E15FEAA21}.DebugOpenSocial|Any CPU.ActiveCfg = Debug|Any CPU
		{F5470166-4609-4637-9E73-F04E15FEAA21}.DebugOpenSocial|Any CPU.Build.0 = Debug|Any CPU
		{F5470166-4609-4637-9E73-F04E15FEAA21}.DebugOpenSocial|x86.ActiveCfg = Debug|x86
		{F5470166-4609-4637-9E73-F04E15FEAA21}.DebugOpenSocial|x86.Build.0 = Debug|x86
		{F5470166-4609-4637-9E73-F04E15FEAA21}.Mono|Any CPU.ActiveCfg = Release|Any CPU
		{F5470166-4609-4637-9E73-F04E15FEAA21}.Mono|Any CPU.Build.0 = Release|Any CPU
		{F5470166-4609-4637-9E73-F04E15FEAA21}.Mono|x86.ActiveCfg = Release|x86
		{F5470166-4609-4637-9E73-F04E15FEAA21}.Mono|x86.Build.0 = Release|x86
		{F5470166-4609-4637-9E73-F04E15FEAA21}.Release_Azure|Any CPU.ActiveCfg = Release|Any CPU
		{F5470166-4609-4637-9E73-F04E15FEAA21}.Release_Azure|Any CPU.Build.0 = Release|Any CPU
		{F5470166-4609-4637-9E73-F04E15FEAA21}.Release_Azure|x86.ActiveCfg = Release|x86
		{F5470166-4609-4637-9E73-F04E15FEAA21}.Release_Azure|x86.Build.0 = Release|x86
		{F5470166-4609-4637-9E73-F04E15FEAA21}.Release_Test|Any CPU.ActiveCfg = Release|Any CPU
		{F5470166-4609-4637-9E73-F04E15FEAA21}.Release_Test|Any CPU.Build.0 = Release|Any CPU
		{F5470166-4609-4637-9E73-F04E15FEAA21}.Release_Test|x86.ActiveCfg = Release|x86
		{F5470166-4609-4637-9E73-F04E15FEAA21}.Release_Test|x86.Build.0 = Release|x86
		{F5470166-4609-4637-9E73-F04E15FEAA21}.Release|Any CPU.ActiveCfg = Release|Any CPU
		{F5470166-4609-4637-9E73-F04E15FEAA21}.Release|Any CPU.Build.0 = Release|Any CPU
		{F5470166-4609-4637-9E73-F04E15FEAA21}.Release|x86.ActiveCfg = Release|x86
		{F5470166-4609-4637-9E73-F04E15FEAA21}.Release|x86.Build.0 = Release|x86
		{B03BA251-706A-4691-9E0E-FBB746052E81}.ASP|Any CPU.ActiveCfg = DebugFB|Any CPU
		{B03BA251-706A-4691-9E0E-FBB746052E81}.ASP|Any CPU.Build.0 = DebugFB|Any CPU
		{B03BA251-706A-4691-9E0E-FBB746052E81}.ASP|x86.ActiveCfg = DebugFB|x86
		{B03BA251-706A-4691-9E0E-FBB746052E81}.ASP|x86.Build.0 = DebugFB|x86
		{B03BA251-706A-4691-9E0E-FBB746052E81}.Debug_Azure|Any CPU.ActiveCfg = DebugFB|Any CPU
		{B03BA251-706A-4691-9E0E-FBB746052E81}.Debug_Azure|Any CPU.Build.0 = DebugFB|Any CPU
		{B03BA251-706A-4691-9E0E-FBB746052E81}.Debug_Azure|x86.ActiveCfg = DebugFB|x86
		{B03BA251-706A-4691-9E0E-FBB746052E81}.Debug_Azure|x86.Build.0 = DebugFB|x86
		{B03BA251-706A-4691-9E0E-FBB746052E81}.Debug_local|Any CPU.ActiveCfg = Debug|Any CPU
		{B03BA251-706A-4691-9E0E-FBB746052E81}.Debug_local|Any CPU.Build.0 = Debug|Any CPU
		{B03BA251-706A-4691-9E0E-FBB746052E81}.Debug_local|x86.ActiveCfg = Debug|x86
		{B03BA251-706A-4691-9E0E-FBB746052E81}.Debug_local|x86.Build.0 = Debug|x86
		{B03BA251-706A-4691-9E0E-FBB746052E81}.Debug|Any CPU.ActiveCfg = Debug|Any CPU
		{B03BA251-706A-4691-9E0E-FBB746052E81}.Debug|Any CPU.Build.0 = Debug|Any CPU
		{B03BA251-706A-4691-9E0E-FBB746052E81}.Debug|x86.ActiveCfg = Debug|x86
		{B03BA251-706A-4691-9E0E-FBB746052E81}.Debug|x86.Build.0 = Debug|x86
		{B03BA251-706A-4691-9E0E-FBB746052E81}.DebugFB|Any CPU.ActiveCfg = DebugFB|Any CPU
		{B03BA251-706A-4691-9E0E-FBB746052E81}.DebugFB|Any CPU.Build.0 = DebugFB|Any CPU
		{B03BA251-706A-4691-9E0E-FBB746052E81}.DebugFB|x86.ActiveCfg = DebugFB|x86
		{B03BA251-706A-4691-9E0E-FBB746052E81}.DebugFB|x86.Build.0 = DebugFB|x86
		{B03BA251-706A-4691-9E0E-FBB746052E81}.DebugForProfiler|Any CPU.ActiveCfg = DebugFB|Any CPU
		{B03BA251-706A-4691-9E0E-FBB746052E81}.DebugForProfiler|Any CPU.Build.0 = DebugFB|Any CPU
		{B03BA251-706A-4691-9E0E-FBB746052E81}.DebugForProfiler|x86.ActiveCfg = DebugFB|x86
		{B03BA251-706A-4691-9E0E-FBB746052E81}.DebugForProfiler|x86.Build.0 = DebugFB|x86
		{B03BA251-706A-4691-9E0E-FBB746052E81}.DebugNoRackspace|Any CPU.ActiveCfg = DebugFB|Any CPU
		{B03BA251-706A-4691-9E0E-FBB746052E81}.DebugNoRackspace|Any CPU.Build.0 = DebugFB|Any CPU
		{B03BA251-706A-4691-9E0E-FBB746052E81}.DebugNoRackspace|x86.ActiveCfg = DebugFB|x86
		{B03BA251-706A-4691-9E0E-FBB746052E81}.DebugNoRackspace|x86.Build.0 = DebugFB|x86
		{B03BA251-706A-4691-9E0E-FBB746052E81}.DebugOpenSocial|Any CPU.ActiveCfg = DebugFB|Any CPU
		{B03BA251-706A-4691-9E0E-FBB746052E81}.DebugOpenSocial|Any CPU.Build.0 = DebugFB|Any CPU
		{B03BA251-706A-4691-9E0E-FBB746052E81}.DebugOpenSocial|x86.ActiveCfg = DebugFB|x86
		{B03BA251-706A-4691-9E0E-FBB746052E81}.DebugOpenSocial|x86.Build.0 = DebugFB|x86
		{B03BA251-706A-4691-9E0E-FBB746052E81}.Mono|Any CPU.ActiveCfg = DebugFB|Any CPU
		{B03BA251-706A-4691-9E0E-FBB746052E81}.Mono|Any CPU.Build.0 = DebugFB|Any CPU
		{B03BA251-706A-4691-9E0E-FBB746052E81}.Mono|x86.ActiveCfg = DebugFB|x86
		{B03BA251-706A-4691-9E0E-FBB746052E81}.Mono|x86.Build.0 = DebugFB|x86
		{B03BA251-706A-4691-9E0E-FBB746052E81}.Release_Azure|Any CPU.ActiveCfg = Release|Any CPU
		{B03BA251-706A-4691-9E0E-FBB746052E81}.Release_Azure|Any CPU.Build.0 = Release|Any CPU
		{B03BA251-706A-4691-9E0E-FBB746052E81}.Release_Azure|x86.ActiveCfg = Release|x86
		{B03BA251-706A-4691-9E0E-FBB746052E81}.Release_Azure|x86.Build.0 = Release|x86
		{B03BA251-706A-4691-9E0E-FBB746052E81}.Release_Test|Any CPU.ActiveCfg = Release|Any CPU
		{B03BA251-706A-4691-9E0E-FBB746052E81}.Release_Test|Any CPU.Build.0 = Release|Any CPU
		{B03BA251-706A-4691-9E0E-FBB746052E81}.Release_Test|x86.ActiveCfg = Release|x86
		{B03BA251-706A-4691-9E0E-FBB746052E81}.Release_Test|x86.Build.0 = Release|x86
		{B03BA251-706A-4691-9E0E-FBB746052E81}.Release|Any CPU.ActiveCfg = Release|Any CPU
		{B03BA251-706A-4691-9E0E-FBB746052E81}.Release|Any CPU.Build.0 = Release|Any CPU
		{B03BA251-706A-4691-9E0E-FBB746052E81}.Release|x86.ActiveCfg = Release|x86
		{B03BA251-706A-4691-9E0E-FBB746052E81}.Release|x86.Build.0 = Release|x86
		{05F9F10D-394E-44F8-A1B4-6E34DBCEFAF9}.ASP|Any CPU.ActiveCfg = Release|Any CPU
		{05F9F10D-394E-44F8-A1B4-6E34DBCEFAF9}.ASP|Any CPU.Build.0 = Release|Any CPU
		{05F9F10D-394E-44F8-A1B4-6E34DBCEFAF9}.ASP|x86.ActiveCfg = Release|x86
		{05F9F10D-394E-44F8-A1B4-6E34DBCEFAF9}.ASP|x86.Build.0 = Release|x86
		{05F9F10D-394E-44F8-A1B4-6E34DBCEFAF9}.Debug_Azure|Any CPU.ActiveCfg = Debug|Any CPU
		{05F9F10D-394E-44F8-A1B4-6E34DBCEFAF9}.Debug_Azure|Any CPU.Build.0 = Debug|Any CPU
		{05F9F10D-394E-44F8-A1B4-6E34DBCEFAF9}.Debug_Azure|x86.ActiveCfg = Debug|x86
		{05F9F10D-394E-44F8-A1B4-6E34DBCEFAF9}.Debug_Azure|x86.Build.0 = Debug|x86
		{05F9F10D-394E-44F8-A1B4-6E34DBCEFAF9}.Debug_local|Any CPU.ActiveCfg = Debug|Any CPU
		{05F9F10D-394E-44F8-A1B4-6E34DBCEFAF9}.Debug_local|Any CPU.Build.0 = Debug|Any CPU
		{05F9F10D-394E-44F8-A1B4-6E34DBCEFAF9}.Debug_local|x86.ActiveCfg = Debug|x86
		{05F9F10D-394E-44F8-A1B4-6E34DBCEFAF9}.Debug_local|x86.Build.0 = Debug|x86
		{05F9F10D-394E-44F8-A1B4-6E34DBCEFAF9}.Debug|Any CPU.ActiveCfg = Debug|Any CPU
		{05F9F10D-394E-44F8-A1B4-6E34DBCEFAF9}.Debug|Any CPU.Build.0 = Debug|Any CPU
		{05F9F10D-394E-44F8-A1B4-6E34DBCEFAF9}.Debug|x86.ActiveCfg = Debug|x86
		{05F9F10D-394E-44F8-A1B4-6E34DBCEFAF9}.Debug|x86.Build.0 = Debug|x86
		{05F9F10D-394E-44F8-A1B4-6E34DBCEFAF9}.DebugFB|Any CPU.ActiveCfg = Debug|Any CPU
		{05F9F10D-394E-44F8-A1B4-6E34DBCEFAF9}.DebugFB|Any CPU.Build.0 = Debug|Any CPU
		{05F9F10D-394E-44F8-A1B4-6E34DBCEFAF9}.DebugFB|x86.ActiveCfg = Debug|x86
		{05F9F10D-394E-44F8-A1B4-6E34DBCEFAF9}.DebugFB|x86.Build.0 = Debug|x86
		{05F9F10D-394E-44F8-A1B4-6E34DBCEFAF9}.DebugForProfiler|Any CPU.ActiveCfg = Debug|Any CPU
		{05F9F10D-394E-44F8-A1B4-6E34DBCEFAF9}.DebugForProfiler|Any CPU.Build.0 = Debug|Any CPU
		{05F9F10D-394E-44F8-A1B4-6E34DBCEFAF9}.DebugForProfiler|x86.ActiveCfg = Debug|x86
		{05F9F10D-394E-44F8-A1B4-6E34DBCEFAF9}.DebugForProfiler|x86.Build.0 = Debug|x86
		{05F9F10D-394E-44F8-A1B4-6E34DBCEFAF9}.DebugNoRackspace|Any CPU.ActiveCfg = Debug|Any CPU
		{05F9F10D-394E-44F8-A1B4-6E34DBCEFAF9}.DebugNoRackspace|Any CPU.Build.0 = Debug|Any CPU
		{05F9F10D-394E-44F8-A1B4-6E34DBCEFAF9}.DebugNoRackspace|x86.ActiveCfg = Debug|x86
		{05F9F10D-394E-44F8-A1B4-6E34DBCEFAF9}.DebugNoRackspace|x86.Build.0 = Debug|x86
		{05F9F10D-394E-44F8-A1B4-6E34DBCEFAF9}.DebugOpenSocial|Any CPU.ActiveCfg = Debug|Any CPU
		{05F9F10D-394E-44F8-A1B4-6E34DBCEFAF9}.DebugOpenSocial|Any CPU.Build.0 = Debug|Any CPU
		{05F9F10D-394E-44F8-A1B4-6E34DBCEFAF9}.DebugOpenSocial|x86.ActiveCfg = Debug|x86
		{05F9F10D-394E-44F8-A1B4-6E34DBCEFAF9}.DebugOpenSocial|x86.Build.0 = Debug|x86
		{05F9F10D-394E-44F8-A1B4-6E34DBCEFAF9}.Mono|Any CPU.ActiveCfg = Release|Any CPU
		{05F9F10D-394E-44F8-A1B4-6E34DBCEFAF9}.Mono|Any CPU.Build.0 = Release|Any CPU
		{05F9F10D-394E-44F8-A1B4-6E34DBCEFAF9}.Mono|x86.ActiveCfg = Release|x86
		{05F9F10D-394E-44F8-A1B4-6E34DBCEFAF9}.Mono|x86.Build.0 = Release|x86
		{05F9F10D-394E-44F8-A1B4-6E34DBCEFAF9}.Release_Azure|Any CPU.ActiveCfg = Release|Any CPU
		{05F9F10D-394E-44F8-A1B4-6E34DBCEFAF9}.Release_Azure|Any CPU.Build.0 = Release|Any CPU
		{05F9F10D-394E-44F8-A1B4-6E34DBCEFAF9}.Release_Azure|x86.ActiveCfg = Release|x86
		{05F9F10D-394E-44F8-A1B4-6E34DBCEFAF9}.Release_Azure|x86.Build.0 = Release|x86
		{05F9F10D-394E-44F8-A1B4-6E34DBCEFAF9}.Release_Test|Any CPU.ActiveCfg = Release|Any CPU
		{05F9F10D-394E-44F8-A1B4-6E34DBCEFAF9}.Release_Test|Any CPU.Build.0 = Release|Any CPU
		{05F9F10D-394E-44F8-A1B4-6E34DBCEFAF9}.Release_Test|x86.ActiveCfg = Release|x86
		{05F9F10D-394E-44F8-A1B4-6E34DBCEFAF9}.Release_Test|x86.Build.0 = Release|x86
		{05F9F10D-394E-44F8-A1B4-6E34DBCEFAF9}.Release|Any CPU.ActiveCfg = Release|Any CPU
		{05F9F10D-394E-44F8-A1B4-6E34DBCEFAF9}.Release|Any CPU.Build.0 = Release|Any CPU
		{05F9F10D-394E-44F8-A1B4-6E34DBCEFAF9}.Release|x86.ActiveCfg = Release|x86
		{05F9F10D-394E-44F8-A1B4-6E34DBCEFAF9}.Release|x86.Build.0 = Release|x86
		{A9729436-5786-4024-B522-8624522991B7}.ASP|Any CPU.ActiveCfg = Release|Any CPU
		{A9729436-5786-4024-B522-8624522991B7}.ASP|Any CPU.Build.0 = Release|Any CPU
		{A9729436-5786-4024-B522-8624522991B7}.ASP|x86.ActiveCfg = Release|x86
		{A9729436-5786-4024-B522-8624522991B7}.ASP|x86.Build.0 = Release|x86
		{A9729436-5786-4024-B522-8624522991B7}.Debug_Azure|Any CPU.ActiveCfg = Debug|Any CPU
		{A9729436-5786-4024-B522-8624522991B7}.Debug_Azure|Any CPU.Build.0 = Debug|Any CPU
		{A9729436-5786-4024-B522-8624522991B7}.Debug_Azure|x86.ActiveCfg = Debug|x86
		{A9729436-5786-4024-B522-8624522991B7}.Debug_Azure|x86.Build.0 = Debug|x86
		{A9729436-5786-4024-B522-8624522991B7}.Debug_local|Any CPU.ActiveCfg = Debug|Any CPU
		{A9729436-5786-4024-B522-8624522991B7}.Debug_local|Any CPU.Build.0 = Debug|Any CPU
		{A9729436-5786-4024-B522-8624522991B7}.Debug_local|x86.ActiveCfg = Debug|x86
		{A9729436-5786-4024-B522-8624522991B7}.Debug_local|x86.Build.0 = Debug|x86
		{A9729436-5786-4024-B522-8624522991B7}.Debug|Any CPU.ActiveCfg = Debug|Any CPU
		{A9729436-5786-4024-B522-8624522991B7}.Debug|Any CPU.Build.0 = Debug|Any CPU
		{A9729436-5786-4024-B522-8624522991B7}.Debug|x86.ActiveCfg = Debug|x86
		{A9729436-5786-4024-B522-8624522991B7}.Debug|x86.Build.0 = Debug|x86
		{A9729436-5786-4024-B522-8624522991B7}.DebugFB|Any CPU.ActiveCfg = Debug|Any CPU
		{A9729436-5786-4024-B522-8624522991B7}.DebugFB|Any CPU.Build.0 = Debug|Any CPU
		{A9729436-5786-4024-B522-8624522991B7}.DebugFB|x86.ActiveCfg = Debug|x86
		{A9729436-5786-4024-B522-8624522991B7}.DebugFB|x86.Build.0 = Debug|x86
		{A9729436-5786-4024-B522-8624522991B7}.DebugForProfiler|Any CPU.ActiveCfg = Debug|Any CPU
		{A9729436-5786-4024-B522-8624522991B7}.DebugForProfiler|Any CPU.Build.0 = Debug|Any CPU
		{A9729436-5786-4024-B522-8624522991B7}.DebugForProfiler|x86.ActiveCfg = Debug|x86
		{A9729436-5786-4024-B522-8624522991B7}.DebugForProfiler|x86.Build.0 = Debug|x86
		{A9729436-5786-4024-B522-8624522991B7}.DebugNoRackspace|Any CPU.ActiveCfg = Debug|Any CPU
		{A9729436-5786-4024-B522-8624522991B7}.DebugNoRackspace|Any CPU.Build.0 = Debug|Any CPU
		{A9729436-5786-4024-B522-8624522991B7}.DebugNoRackspace|x86.ActiveCfg = Debug|x86
		{A9729436-5786-4024-B522-8624522991B7}.DebugNoRackspace|x86.Build.0 = Debug|x86
		{A9729436-5786-4024-B522-8624522991B7}.DebugOpenSocial|Any CPU.ActiveCfg = Debug|Any CPU
		{A9729436-5786-4024-B522-8624522991B7}.DebugOpenSocial|Any CPU.Build.0 = Debug|Any CPU
		{A9729436-5786-4024-B522-8624522991B7}.DebugOpenSocial|x86.ActiveCfg = Debug|x86
		{A9729436-5786-4024-B522-8624522991B7}.DebugOpenSocial|x86.Build.0 = Debug|x86
		{A9729436-5786-4024-B522-8624522991B7}.Mono|Any CPU.ActiveCfg = Release|Any CPU
		{A9729436-5786-4024-B522-8624522991B7}.Mono|Any CPU.Build.0 = Release|Any CPU
		{A9729436-5786-4024-B522-8624522991B7}.Mono|x86.ActiveCfg = Release|x86
		{A9729436-5786-4024-B522-8624522991B7}.Mono|x86.Build.0 = Release|x86
		{A9729436-5786-4024-B522-8624522991B7}.Release_Azure|Any CPU.ActiveCfg = Release|Any CPU
		{A9729436-5786-4024-B522-8624522991B7}.Release_Azure|Any CPU.Build.0 = Release|Any CPU
		{A9729436-5786-4024-B522-8624522991B7}.Release_Azure|x86.ActiveCfg = Release|x86
		{A9729436-5786-4024-B522-8624522991B7}.Release_Azure|x86.Build.0 = Release|x86
		{A9729436-5786-4024-B522-8624522991B7}.Release_Test|Any CPU.ActiveCfg = Release|Any CPU
		{A9729436-5786-4024-B522-8624522991B7}.Release_Test|Any CPU.Build.0 = Release|Any CPU
		{A9729436-5786-4024-B522-8624522991B7}.Release_Test|x86.ActiveCfg = Release|x86
		{A9729436-5786-4024-B522-8624522991B7}.Release_Test|x86.Build.0 = Release|x86
		{A9729436-5786-4024-B522-8624522991B7}.Release|Any CPU.ActiveCfg = Release|Any CPU
		{A9729436-5786-4024-B522-8624522991B7}.Release|Any CPU.Build.0 = Release|Any CPU
		{A9729436-5786-4024-B522-8624522991B7}.Release|x86.ActiveCfg = Release|x86
		{A9729436-5786-4024-B522-8624522991B7}.Release|x86.Build.0 = Release|x86
		{4EB60BD5-7A74-4432-82AF-4F07C41EE482}.ASP|Any CPU.ActiveCfg = Release|Any CPU
		{4EB60BD5-7A74-4432-82AF-4F07C41EE482}.ASP|Any CPU.Build.0 = Release|Any CPU
		{4EB60BD5-7A74-4432-82AF-4F07C41EE482}.ASP|x86.ActiveCfg = Release|x86
		{4EB60BD5-7A74-4432-82AF-4F07C41EE482}.ASP|x86.Build.0 = Release|x86
		{4EB60BD5-7A74-4432-82AF-4F07C41EE482}.Debug_Azure|Any CPU.ActiveCfg = Debug|Any CPU
		{4EB60BD5-7A74-4432-82AF-4F07C41EE482}.Debug_Azure|Any CPU.Build.0 = Debug|Any CPU
		{4EB60BD5-7A74-4432-82AF-4F07C41EE482}.Debug_Azure|x86.ActiveCfg = Debug|x86
		{4EB60BD5-7A74-4432-82AF-4F07C41EE482}.Debug_Azure|x86.Build.0 = Debug|x86
		{4EB60BD5-7A74-4432-82AF-4F07C41EE482}.Debug_local|Any CPU.ActiveCfg = Debug|Any CPU
		{4EB60BD5-7A74-4432-82AF-4F07C41EE482}.Debug_local|Any CPU.Build.0 = Debug|Any CPU
		{4EB60BD5-7A74-4432-82AF-4F07C41EE482}.Debug_local|x86.ActiveCfg = Debug|x86
		{4EB60BD5-7A74-4432-82AF-4F07C41EE482}.Debug_local|x86.Build.0 = Debug|x86
		{4EB60BD5-7A74-4432-82AF-4F07C41EE482}.Debug|Any CPU.ActiveCfg = Debug|Any CPU
		{4EB60BD5-7A74-4432-82AF-4F07C41EE482}.Debug|Any CPU.Build.0 = Debug|Any CPU
		{4EB60BD5-7A74-4432-82AF-4F07C41EE482}.Debug|x86.ActiveCfg = Debug|x86
		{4EB60BD5-7A74-4432-82AF-4F07C41EE482}.Debug|x86.Build.0 = Debug|x86
		{4EB60BD5-7A74-4432-82AF-4F07C41EE482}.DebugFB|Any CPU.ActiveCfg = Debug|Any CPU
		{4EB60BD5-7A74-4432-82AF-4F07C41EE482}.DebugFB|Any CPU.Build.0 = Debug|Any CPU
		{4EB60BD5-7A74-4432-82AF-4F07C41EE482}.DebugFB|x86.ActiveCfg = Debug|x86
		{4EB60BD5-7A74-4432-82AF-4F07C41EE482}.DebugFB|x86.Build.0 = Debug|x86
		{4EB60BD5-7A74-4432-82AF-4F07C41EE482}.DebugForProfiler|Any CPU.ActiveCfg = Debug|Any CPU
		{4EB60BD5-7A74-4432-82AF-4F07C41EE482}.DebugForProfiler|Any CPU.Build.0 = Debug|Any CPU
		{4EB60BD5-7A74-4432-82AF-4F07C41EE482}.DebugForProfiler|x86.ActiveCfg = Debug|x86
		{4EB60BD5-7A74-4432-82AF-4F07C41EE482}.DebugForProfiler|x86.Build.0 = Debug|x86
		{4EB60BD5-7A74-4432-82AF-4F07C41EE482}.DebugNoRackspace|Any CPU.ActiveCfg = Debug|Any CPU
		{4EB60BD5-7A74-4432-82AF-4F07C41EE482}.DebugNoRackspace|Any CPU.Build.0 = Debug|Any CPU
		{4EB60BD5-7A74-4432-82AF-4F07C41EE482}.DebugNoRackspace|x86.ActiveCfg = Debug|x86
		{4EB60BD5-7A74-4432-82AF-4F07C41EE482}.DebugNoRackspace|x86.Build.0 = Debug|x86
		{4EB60BD5-7A74-4432-82AF-4F07C41EE482}.DebugOpenSocial|Any CPU.ActiveCfg = Debug|Any CPU
		{4EB60BD5-7A74-4432-82AF-4F07C41EE482}.DebugOpenSocial|Any CPU.Build.0 = Debug|Any CPU
		{4EB60BD5-7A74-4432-82AF-4F07C41EE482}.DebugOpenSocial|x86.ActiveCfg = Debug|x86
		{4EB60BD5-7A74-4432-82AF-4F07C41EE482}.DebugOpenSocial|x86.Build.0 = Debug|x86
		{4EB60BD5-7A74-4432-82AF-4F07C41EE482}.Mono|Any CPU.ActiveCfg = Release|Any CPU
		{4EB60BD5-7A74-4432-82AF-4F07C41EE482}.Mono|Any CPU.Build.0 = Release|Any CPU
		{4EB60BD5-7A74-4432-82AF-4F07C41EE482}.Mono|x86.ActiveCfg = Release|x86
		{4EB60BD5-7A74-4432-82AF-4F07C41EE482}.Mono|x86.Build.0 = Release|x86
		{4EB60BD5-7A74-4432-82AF-4F07C41EE482}.Release_Azure|Any CPU.ActiveCfg = Release|Any CPU
		{4EB60BD5-7A74-4432-82AF-4F07C41EE482}.Release_Azure|Any CPU.Build.0 = Release|Any CPU
		{4EB60BD5-7A74-4432-82AF-4F07C41EE482}.Release_Azure|x86.ActiveCfg = Release|x86
		{4EB60BD5-7A74-4432-82AF-4F07C41EE482}.Release_Azure|x86.Build.0 = Release|x86
		{4EB60BD5-7A74-4432-82AF-4F07C41EE482}.Release_Test|Any CPU.ActiveCfg = Release|Any CPU
		{4EB60BD5-7A74-4432-82AF-4F07C41EE482}.Release_Test|Any CPU.Build.0 = Release|Any CPU
		{4EB60BD5-7A74-4432-82AF-4F07C41EE482}.Release_Test|x86.ActiveCfg = Release|x86
		{4EB60BD5-7A74-4432-82AF-4F07C41EE482}.Release_Test|x86.Build.0 = Release|x86
		{4EB60BD5-7A74-4432-82AF-4F07C41EE482}.Release|Any CPU.ActiveCfg = Release|Any CPU
		{4EB60BD5-7A74-4432-82AF-4F07C41EE482}.Release|Any CPU.Build.0 = Release|Any CPU
		{4EB60BD5-7A74-4432-82AF-4F07C41EE482}.Release|x86.ActiveCfg = Release|x86
		{4EB60BD5-7A74-4432-82AF-4F07C41EE482}.Release|x86.Build.0 = Release|x86
		{6079C553-9FEF-484B-B1DD-30C78ACD13AF}.ASP|Any CPU.ActiveCfg = Release|Any CPU
		{6079C553-9FEF-484B-B1DD-30C78ACD13AF}.ASP|Any CPU.Build.0 = Release|Any CPU
		{6079C553-9FEF-484B-B1DD-30C78ACD13AF}.ASP|x86.ActiveCfg = Release|Any CPU
		{6079C553-9FEF-484B-B1DD-30C78ACD13AF}.Debug_Azure|Any CPU.ActiveCfg = Debug|Any CPU
		{6079C553-9FEF-484B-B1DD-30C78ACD13AF}.Debug_Azure|Any CPU.Build.0 = Debug|Any CPU
		{6079C553-9FEF-484B-B1DD-30C78ACD13AF}.Debug_Azure|x86.ActiveCfg = Debug|Any CPU
		{6079C553-9FEF-484B-B1DD-30C78ACD13AF}.Debug_local|Any CPU.ActiveCfg = Debug|Any CPU
		{6079C553-9FEF-484B-B1DD-30C78ACD13AF}.Debug_local|Any CPU.Build.0 = Debug|Any CPU
		{6079C553-9FEF-484B-B1DD-30C78ACD13AF}.Debug_local|x86.ActiveCfg = Debug|Any CPU
		{6079C553-9FEF-484B-B1DD-30C78ACD13AF}.Debug|Any CPU.ActiveCfg = Debug|Any CPU
		{6079C553-9FEF-484B-B1DD-30C78ACD13AF}.Debug|Any CPU.Build.0 = Debug|Any CPU
		{6079C553-9FEF-484B-B1DD-30C78ACD13AF}.Debug|x86.ActiveCfg = Debug|Any CPU
		{6079C553-9FEF-484B-B1DD-30C78ACD13AF}.DebugFB|Any CPU.ActiveCfg = Debug|Any CPU
		{6079C553-9FEF-484B-B1DD-30C78ACD13AF}.DebugFB|Any CPU.Build.0 = Debug|Any CPU
		{6079C553-9FEF-484B-B1DD-30C78ACD13AF}.DebugFB|x86.ActiveCfg = Debug|Any CPU
		{6079C553-9FEF-484B-B1DD-30C78ACD13AF}.DebugForProfiler|Any CPU.ActiveCfg = Debug|Any CPU
		{6079C553-9FEF-484B-B1DD-30C78ACD13AF}.DebugForProfiler|Any CPU.Build.0 = Debug|Any CPU
		{6079C553-9FEF-484B-B1DD-30C78ACD13AF}.DebugForProfiler|x86.ActiveCfg = Debug|Any CPU
		{6079C553-9FEF-484B-B1DD-30C78ACD13AF}.DebugNoRackspace|Any CPU.ActiveCfg = Debug|Any CPU
		{6079C553-9FEF-484B-B1DD-30C78ACD13AF}.DebugNoRackspace|Any CPU.Build.0 = Debug|Any CPU
		{6079C553-9FEF-484B-B1DD-30C78ACD13AF}.DebugNoRackspace|x86.ActiveCfg = Debug|Any CPU
		{6079C553-9FEF-484B-B1DD-30C78ACD13AF}.DebugOpenSocial|Any CPU.ActiveCfg = Debug|Any CPU
		{6079C553-9FEF-484B-B1DD-30C78ACD13AF}.DebugOpenSocial|Any CPU.Build.0 = Debug|Any CPU
		{6079C553-9FEF-484B-B1DD-30C78ACD13AF}.DebugOpenSocial|x86.ActiveCfg = Debug|Any CPU
		{6079C553-9FEF-484B-B1DD-30C78ACD13AF}.Mono|Any CPU.ActiveCfg = Release|Any CPU
		{6079C553-9FEF-484B-B1DD-30C78ACD13AF}.Mono|Any CPU.Build.0 = Release|Any CPU
		{6079C553-9FEF-484B-B1DD-30C78ACD13AF}.Mono|x86.ActiveCfg = Release|Any CPU
		{6079C553-9FEF-484B-B1DD-30C78ACD13AF}.Release_Azure|Any CPU.ActiveCfg = Release|Any CPU
		{6079C553-9FEF-484B-B1DD-30C78ACD13AF}.Release_Azure|Any CPU.Build.0 = Release|Any CPU
		{6079C553-9FEF-484B-B1DD-30C78ACD13AF}.Release_Azure|x86.ActiveCfg = Release|Any CPU
		{6079C553-9FEF-484B-B1DD-30C78ACD13AF}.Release_Test|Any CPU.ActiveCfg = Release|Any CPU
		{6079C553-9FEF-484B-B1DD-30C78ACD13AF}.Release_Test|Any CPU.Build.0 = Release|Any CPU
		{6079C553-9FEF-484B-B1DD-30C78ACD13AF}.Release_Test|x86.ActiveCfg = Release|Any CPU
		{6079C553-9FEF-484B-B1DD-30C78ACD13AF}.Release|Any CPU.ActiveCfg = Release|Any CPU
		{6079C553-9FEF-484B-B1DD-30C78ACD13AF}.Release|Any CPU.Build.0 = Release|Any CPU
		{6079C553-9FEF-484B-B1DD-30C78ACD13AF}.Release|x86.ActiveCfg = Release|Any CPU
		{BD56C59F-0F1A-4EDC-B61F-AC3F22AFB2F0}.ASP|Any CPU.ActiveCfg = DebugOpenSocial|Any CPU
		{BD56C59F-0F1A-4EDC-B61F-AC3F22AFB2F0}.ASP|Any CPU.Build.0 = DebugOpenSocial|Any CPU
		{BD56C59F-0F1A-4EDC-B61F-AC3F22AFB2F0}.ASP|x86.ActiveCfg = DebugOpenSocial|x86
		{BD56C59F-0F1A-4EDC-B61F-AC3F22AFB2F0}.ASP|x86.Build.0 = DebugOpenSocial|x86
		{BD56C59F-0F1A-4EDC-B61F-AC3F22AFB2F0}.Debug_Azure|Any CPU.ActiveCfg = DebugOpenSocial|Any CPU
		{BD56C59F-0F1A-4EDC-B61F-AC3F22AFB2F0}.Debug_Azure|Any CPU.Build.0 = DebugOpenSocial|Any CPU
		{BD56C59F-0F1A-4EDC-B61F-AC3F22AFB2F0}.Debug_Azure|x86.ActiveCfg = DebugOpenSocial|x86
		{BD56C59F-0F1A-4EDC-B61F-AC3F22AFB2F0}.Debug_Azure|x86.Build.0 = DebugOpenSocial|x86
		{BD56C59F-0F1A-4EDC-B61F-AC3F22AFB2F0}.Debug_local|Any CPU.ActiveCfg = DebugOpenSocial|Any CPU
		{BD56C59F-0F1A-4EDC-B61F-AC3F22AFB2F0}.Debug_local|Any CPU.Build.0 = DebugOpenSocial|Any CPU
		{BD56C59F-0F1A-4EDC-B61F-AC3F22AFB2F0}.Debug_local|x86.ActiveCfg = DebugOpenSocial|x86
		{BD56C59F-0F1A-4EDC-B61F-AC3F22AFB2F0}.Debug_local|x86.Build.0 = DebugOpenSocial|x86
		{BD56C59F-0F1A-4EDC-B61F-AC3F22AFB2F0}.Debug|Any CPU.ActiveCfg = Debug|Any CPU
		{BD56C59F-0F1A-4EDC-B61F-AC3F22AFB2F0}.Debug|Any CPU.Build.0 = Debug|Any CPU
		{BD56C59F-0F1A-4EDC-B61F-AC3F22AFB2F0}.Debug|x86.ActiveCfg = Debug|x86
		{BD56C59F-0F1A-4EDC-B61F-AC3F22AFB2F0}.Debug|x86.Build.0 = Debug|x86
		{BD56C59F-0F1A-4EDC-B61F-AC3F22AFB2F0}.DebugFB|Any CPU.ActiveCfg = DebugOpenSocial|Any CPU
		{BD56C59F-0F1A-4EDC-B61F-AC3F22AFB2F0}.DebugFB|Any CPU.Build.0 = DebugOpenSocial|Any CPU
		{BD56C59F-0F1A-4EDC-B61F-AC3F22AFB2F0}.DebugFB|x86.ActiveCfg = DebugOpenSocial|x86
		{BD56C59F-0F1A-4EDC-B61F-AC3F22AFB2F0}.DebugFB|x86.Build.0 = DebugOpenSocial|x86
		{BD56C59F-0F1A-4EDC-B61F-AC3F22AFB2F0}.DebugForProfiler|Any CPU.ActiveCfg = DebugOpenSocial|Any CPU
		{BD56C59F-0F1A-4EDC-B61F-AC3F22AFB2F0}.DebugForProfiler|Any CPU.Build.0 = DebugOpenSocial|Any CPU
		{BD56C59F-0F1A-4EDC-B61F-AC3F22AFB2F0}.DebugForProfiler|x86.ActiveCfg = DebugOpenSocial|x86
		{BD56C59F-0F1A-4EDC-B61F-AC3F22AFB2F0}.DebugForProfiler|x86.Build.0 = DebugOpenSocial|x86
		{BD56C59F-0F1A-4EDC-B61F-AC3F22AFB2F0}.DebugNoRackspace|Any CPU.ActiveCfg = DebugOpenSocial|Any CPU
		{BD56C59F-0F1A-4EDC-B61F-AC3F22AFB2F0}.DebugNoRackspace|Any CPU.Build.0 = DebugOpenSocial|Any CPU
		{BD56C59F-0F1A-4EDC-B61F-AC3F22AFB2F0}.DebugNoRackspace|x86.ActiveCfg = DebugOpenSocial|x86
		{BD56C59F-0F1A-4EDC-B61F-AC3F22AFB2F0}.DebugNoRackspace|x86.Build.0 = DebugOpenSocial|x86
		{BD56C59F-0F1A-4EDC-B61F-AC3F22AFB2F0}.DebugOpenSocial|Any CPU.ActiveCfg = DebugOpenSocial|Any CPU
		{BD56C59F-0F1A-4EDC-B61F-AC3F22AFB2F0}.DebugOpenSocial|Any CPU.Build.0 = DebugOpenSocial|Any CPU
		{BD56C59F-0F1A-4EDC-B61F-AC3F22AFB2F0}.DebugOpenSocial|x86.ActiveCfg = DebugOpenSocial|x86
		{BD56C59F-0F1A-4EDC-B61F-AC3F22AFB2F0}.DebugOpenSocial|x86.Build.0 = DebugOpenSocial|x86
		{BD56C59F-0F1A-4EDC-B61F-AC3F22AFB2F0}.Mono|Any CPU.ActiveCfg = DebugOpenSocial|Any CPU
		{BD56C59F-0F1A-4EDC-B61F-AC3F22AFB2F0}.Mono|Any CPU.Build.0 = DebugOpenSocial|Any CPU
		{BD56C59F-0F1A-4EDC-B61F-AC3F22AFB2F0}.Mono|x86.ActiveCfg = DebugOpenSocial|x86
		{BD56C59F-0F1A-4EDC-B61F-AC3F22AFB2F0}.Mono|x86.Build.0 = DebugOpenSocial|x86
		{BD56C59F-0F1A-4EDC-B61F-AC3F22AFB2F0}.Release_Azure|Any CPU.ActiveCfg = Release|Any CPU
		{BD56C59F-0F1A-4EDC-B61F-AC3F22AFB2F0}.Release_Azure|Any CPU.Build.0 = Release|Any CPU
		{BD56C59F-0F1A-4EDC-B61F-AC3F22AFB2F0}.Release_Azure|x86.ActiveCfg = Release|x86
		{BD56C59F-0F1A-4EDC-B61F-AC3F22AFB2F0}.Release_Azure|x86.Build.0 = Release|x86
		{BD56C59F-0F1A-4EDC-B61F-AC3F22AFB2F0}.Release_Test|Any CPU.ActiveCfg = Release|Any CPU
		{BD56C59F-0F1A-4EDC-B61F-AC3F22AFB2F0}.Release_Test|Any CPU.Build.0 = Release|Any CPU
		{BD56C59F-0F1A-4EDC-B61F-AC3F22AFB2F0}.Release_Test|x86.ActiveCfg = Release|x86
		{BD56C59F-0F1A-4EDC-B61F-AC3F22AFB2F0}.Release_Test|x86.Build.0 = Release|x86
		{BD56C59F-0F1A-4EDC-B61F-AC3F22AFB2F0}.Release|Any CPU.ActiveCfg = Release|Any CPU
		{BD56C59F-0F1A-4EDC-B61F-AC3F22AFB2F0}.Release|Any CPU.Build.0 = Release|Any CPU
		{BD56C59F-0F1A-4EDC-B61F-AC3F22AFB2F0}.Release|x86.ActiveCfg = Release|x86
		{BD56C59F-0F1A-4EDC-B61F-AC3F22AFB2F0}.Release|x86.Build.0 = Release|x86
	EndGlobalSection
	GlobalSection(SolutionProperties) = preSolution
		HideSolutionNode = FALSE
	EndGlobalSection
	GlobalSection(ExtensibilityGlobals) = postSolution
		SolutionGuid = {072C6CB5-8C45-41D5-A581-6A918F09390A}
	EndGlobalSection
	GlobalSection(TestCaseManagementSettings) = postSolution
		CategoryFile = tradelr.vsmdi
	EndGlobalSection
EndGlobal
